{
  "name": "ble-encrypted-bleno",
  "version": "1.0.0",
  "lockfileVersion": 1,
  "requires": true,
  "dependencies": {
    "abbrev": {
      "version": "1.1.1",
      "resolved": "https://chariot.jfrog.io/chariot/api/npm/colonial-npm/abbrev/-/abbrev-1.1.1.tgz",
      "integrity": "sha1-+PLIh60Qv2f2NPAFtph/7TF5qsg=",
      "optional": true
    },
    "ajv": {
      "version": "4.11.8",
      "resolved": "https://chariot.jfrog.io/chariot/api/npm/colonial-npm/ajv/-/ajv-4.11.8.tgz",
      "integrity": "sha1-gv+wKynmYq5TvcIK8VlHcGc5xTY=",
      "optional": true,
      "requires": {
        "co": "4.6.0",
        "json-stable-stringify": "1.0.1"
      }
    },
    "ansi-escapes": {
      "version": "3.0.0",
      "resolved": "https://chariot.jfrog.io/chariot/api/npm/colonial-npm/ansi-escapes/-/ansi-escapes-3.0.0.tgz",
      "integrity": "sha1-7D6LTp+AZPwCw6ybZfHCdb2o75I="
    },
    "ansi-regex": {
      "version": "2.1.1",
      "resolved": "https://chariot.jfrog.io/chariot/api/npm/colonial-npm/ansi-regex/-/ansi-regex-2.1.1.tgz",
      "integrity": "sha1-w7M6te42DYbg5ijwRorn7yfWVN8="
    },
    "ansi-styles": {
      "version": "3.2.1",
      "resolved": "https://chariot.jfrog.io/chariot/api/npm/colonial-npm/ansi-styles/-/ansi-styles-3.2.1.tgz",
      "integrity": "sha1-QfuyAkPlCxK+DwS43tvwdSDOhB0=",
      "requires": {
        "color-convert": "1.9.1"
      }
    },
    "aproba": {
      "version": "1.2.0",
      "resolved": "https://chariot.jfrog.io/chariot/api/npm/colonial-npm/aproba/-/aproba-1.2.0.tgz",
      "integrity": "sha1-aALmJk79GMeQobDVF/DyYnvyyUo=",
      "optional": true
    },
    "are-we-there-yet": {
      "version": "1.1.4",
      "resolved": "https://chariot.jfrog.io/chariot/api/npm/colonial-npm/are-we-there-yet/-/are-we-there-yet-1.1.4.tgz",
      "integrity": "sha1-u13KOCu5TwXhUZQ3PRb9O6HKEQ0=",
      "optional": true,
      "requires": {
        "delegates": "1.0.0",
        "readable-stream": "2.3.5"
      }
    },
    "asn1": {
      "version": "0.2.3",
      "resolved": "https://chariot.jfrog.io/chariot/api/npm/colonial-npm/asn1/-/asn1-0.2.3.tgz",
      "integrity": "sha1-2sh4dxPJlmhJ/IGAd36+nB3fO4Y=",
      "optional": true
    },
    "assert-plus": {
      "version": "0.2.0",
      "resolved": "https://chariot.jfrog.io/chariot/api/npm/colonial-npm/assert-plus/-/assert-plus-0.2.0.tgz",
      "integrity": "sha1-104bh+ev/A24qttwIfP+SBAasjQ=",
      "optional": true
    },
    "asynckit": {
      "version": "0.4.0",
      "resolved": "https://chariot.jfrog.io/chariot/api/npm/colonial-npm/asynckit/-/asynckit-0.4.0.tgz",
      "integrity": "sha1-x57Zf380y48robyXkLzDZkdLS3k=",
      "optional": true
    },
    "aws-sign2": {
      "version": "0.6.0",
      "resolved": "https://chariot.jfrog.io/chariot/api/npm/colonial-npm/aws-sign2/-/aws-sign2-0.6.0.tgz",
      "integrity": "sha1-FDQt0428yU0OW4fXY81jYSwOeU8=",
      "optional": true
    },
    "aws4": {
      "version": "1.6.0",
      "resolved": "https://chariot.jfrog.io/chariot/api/npm/colonial-npm/aws4/-/aws4-1.6.0.tgz",
      "integrity": "sha1-g+9cqGCysy5KDe7e6MdxudtXRx4=",
      "optional": true
    },
    "balanced-match": {
      "version": "1.0.0",
      "resolved": "https://chariot.jfrog.io/chariot/api/npm/colonial-npm/balanced-match/-/balanced-match-1.0.0.tgz",
      "integrity": "sha1-ibTRmasr7kneFk6gK4nORi1xt2c="
    },
    "bcrypt-pbkdf": {
      "version": "1.0.1",
      "resolved": "https://chariot.jfrog.io/chariot/api/npm/colonial-npm/bcrypt-pbkdf/-/bcrypt-pbkdf-1.0.1.tgz",
      "integrity": "sha1-Y7xdy2EzG5K8Bf1SiVPDNGKgb40=",
      "optional": true,
      "requires": {
        "tweetnacl": "0.14.5"
      }
    },
    "bleno": {
      "version": "0.5.0",
      "resolved": "https://chariot.jfrog.io/chariot/api/npm/colonial-npm/bleno/-/bleno-0.5.0.tgz",
      "integrity": "sha1-gLZM4yrZAhJnkBZmEYOCM9gpI5Y=",
      "requires": {
        "bluetooth-hci-socket": "0.5.1",
        "bplist-parser": "0.0.6",
        "debug": "2.6.9",
        "xpc-connection": "0.1.4"
      }
    },
    "block-stream": {
      "version": "0.0.9",
      "resolved": "https://chariot.jfrog.io/chariot/api/npm/colonial-npm/block-stream/-/block-stream-0.0.9.tgz",
      "integrity": "sha1-E+v+d4oDIFz+A3UUgeu0szAMEmo=",
      "requires": {
        "inherits": "2.0.3"
      }
    },
    "bluetooth-hci-socket": {
      "version": "0.5.1",
      "resolved": "https://chariot.jfrog.io/chariot/api/npm/colonial-npm/bluetooth-hci-socket/-/bluetooth-hci-socket-0.5.1.tgz",
      "integrity": "sha1-774hUk/Bz10/rl1RNl1WHUq77Qs=",
      "optional": true,
      "requires": {
        "debug": "2.6.9",
        "nan": "2.10.0",
        "usb": "1.3.1"
      }
    },
    "boom": {
      "version": "2.10.1",
      "resolved": "https://chariot.jfrog.io/chariot/api/npm/colonial-npm/boom/-/boom-2.10.1.tgz",
      "integrity": "sha1-OciRjO/1eZ+D+UkqhI9iWt0Mdm8=",
      "requires": {
        "hoek": "2.16.3"
      }
    },
    "bplist-parser": {
      "version": "0.0.6",
      "resolved": "https://chariot.jfrog.io/chariot/api/npm/colonial-npm/bplist-parser/-/bplist-parser-0.0.6.tgz",
      "integrity": "sha1-ONo0cYF9+dRKs4kuJ3B7u9daEbk=",
      "optional": true
    },
    "brace-expansion": {
      "version": "1.1.11",
      "resolved": "https://chariot.jfrog.io/chariot/api/npm/colonial-npm/brace-expansion/-/brace-expansion-1.1.11.tgz",
      "integrity": "sha1-PH/L9SnYcibz0vUrlm/1Jx60Qd0=",
      "requires": {
        "balanced-match": "1.0.0",
        "concat-map": "0.0.1"
      }
    },
    "caseless": {
      "version": "0.12.0",
      "resolved": "https://chariot.jfrog.io/chariot/api/npm/colonial-npm/caseless/-/caseless-0.12.0.tgz",
      "integrity": "sha1-G2gcIf+EAzyCZUMJBolCDRhxUdw=",
      "optional": true
    },
    "chalk": {
      "version": "2.3.2",
      "resolved": "https://chariot.jfrog.io/chariot/api/npm/colonial-npm/chalk/-/chalk-2.3.2.tgz",
      "integrity": "sha1-JQ3JawdJG/1gHmSNZt319gx6XGU=",
      "requires": {
        "ansi-styles": "3.2.1",
        "escape-string-regexp": "1.0.5",
        "supports-color": "5.3.0"
      }
    },
    "chardet": {
      "version": "0.4.2",
      "resolved": "https://chariot.jfrog.io/chariot/api/npm/colonial-npm/chardet/-/chardet-0.4.2.tgz",
      "integrity": "sha1-tUc7M9yXxCTl2Y3IfVXU2KKci/I="
    },
    "cli-cursor": {
      "version": "2.1.0",
      "resolved": "https://chariot.jfrog.io/chariot/api/npm/colonial-npm/cli-cursor/-/cli-cursor-2.1.0.tgz",
      "integrity": "sha1-s12sN2R5+sw+lHR9QdDQ9SOP/LU=",
      "requires": {
        "restore-cursor": "2.0.0"
      }
    },
    "cli-width": {
      "version": "2.2.0",
      "resolved": "https://chariot.jfrog.io/chariot/api/npm/colonial-npm/cli-width/-/cli-width-2.2.0.tgz",
      "integrity": "sha1-/xnt6Kml5XkyQUewwR8PvLq+1jk="
    },
    "co": {
      "version": "4.6.0",
      "resolved": "https://chariot.jfrog.io/chariot/api/npm/colonial-npm/co/-/co-4.6.0.tgz",
      "integrity": "sha1-bqa989hTrlTMuOR7+gvz+QMfsYQ=",
      "optional": true
    },
    "code-point-at": {
      "version": "1.1.0",
      "resolved": "https://chariot.jfrog.io/chariot/api/npm/colonial-npm/code-point-at/-/code-point-at-1.1.0.tgz",
      "integrity": "sha1-DQcLTQQ6W+ozovGkDi7bPZpMz3c="
    },
    "color-convert": {
      "version": "1.9.1",
      "resolved": "https://chariot.jfrog.io/chariot/api/npm/colonial-npm/color-convert/-/color-convert-1.9.1.tgz",
      "integrity": "sha1-wSYRB66y8pTr/+ye2eytUppgl+0=",
      "requires": {
        "color-name": "1.1.3"
      }
    },
    "color-name": {
      "version": "1.1.3",
      "resolved": "https://chariot.jfrog.io/chariot/api/npm/colonial-npm/color-name/-/color-name-1.1.3.tgz",
      "integrity": "sha1-p9BVi9icQveV3UIyj3QIMcpTvCU="
    },
    "combined-stream": {
      "version": "1.0.6",
      "resolved": "https://chariot.jfrog.io/chariot/api/npm/colonial-npm/combined-stream/-/combined-stream-1.0.6.tgz",
      "integrity": "sha1-cj599ugBrFYTETp+RFqbactjKBg=",
      "requires": {
        "delayed-stream": "1.0.0"
      }
    },
    "concat-map": {
      "version": "0.0.1",
      "resolved": "https://chariot.jfrog.io/chariot/api/npm/colonial-npm/concat-map/-/concat-map-0.0.1.tgz",
      "integrity": "sha1-2Klr13/Wjfd5OnMDajug1UBdR3s="
    },
    "console-control-strings": {
      "version": "1.1.0",
      "resolved": "https://chariot.jfrog.io/chariot/api/npm/colonial-npm/console-control-strings/-/console-control-strings-1.1.0.tgz",
      "integrity": "sha1-PXz0Rk22RG6mRL9LOVB/mFEAjo4="
    },
    "core-util-is": {
      "version": "1.0.2",
      "resolved": "https://chariot.jfrog.io/chariot/api/npm/colonial-npm/core-util-is/-/core-util-is-1.0.2.tgz",
      "integrity": "sha1-tf1UIgqivFq1eqtxQMlAdUUDwac="
    },
    "cryptiles": {
      "version": "2.0.5",
      "resolved": "https://chariot.jfrog.io/chariot/api/npm/colonial-npm/cryptiles/-/cryptiles-2.0.5.tgz",
      "integrity": "sha1-O9/s3GCBR8HGcgL6KR59ylnqo7g=",
      "requires": {
        "boom": "2.10.1"
      }
    },
    "dashdash": {
      "version": "1.14.1",
      "resolved": "https://chariot.jfrog.io/chariot/api/npm/colonial-npm/dashdash/-/dashdash-1.14.1.tgz",
      "integrity": "sha1-hTz6D3y+L+1d4gMmuN1YEDX24vA=",
      "optional": true,
      "requires": {
        "assert-plus": "1.0.0"
      },
      "dependencies": {
        "assert-plus": {
          "version": "1.0.0",
          "resolved": "https://chariot.jfrog.io/chariot/api/npm/colonial-npm/assert-plus/-/assert-plus-1.0.0.tgz",
          "integrity": "sha1-8S4PPF13sLHN2RRpQuTpbB5N1SU=",
          "optional": true
        }
      }
    },
    "debug": {
      "version": "2.6.9",
      "resolved": "https://chariot.jfrog.io/chariot/api/npm/colonial-npm/debug/-/debug-2.6.9.tgz",
      "integrity": "sha1-XRKFFd8TT/Mn6QpMk/Tgd6U2NB8=",
      "requires": {
        "ms": "2.0.0"
      }
    },
    "deep-extend": {
      "version": "0.4.2",
      "resolved": "https://chariot.jfrog.io/chariot/api/npm/colonial-npm/deep-extend/-/deep-extend-0.4.2.tgz",
      "integrity": "sha1-SLaZwn4zS/ifEIkr5DL25MfTSn8=",
      "optional": true
    },
    "delayed-stream": {
      "version": "1.0.0",
      "resolved": "https://chariot.jfrog.io/chariot/api/npm/colonial-npm/delayed-stream/-/delayed-stream-1.0.0.tgz",
      "integrity": "sha1-3zrhmayt+31ECqrgsp4icrJOxhk="
    },
    "delegates": {
      "version": "1.0.0",
      "resolved": "https://chariot.jfrog.io/chariot/api/npm/colonial-npm/delegates/-/delegates-1.0.0.tgz",
      "integrity": "sha1-hMbhWbgZBP3KWaDvRM2HDTElD5o=",
      "optional": true
    },
    "detect-libc": {
      "version": "1.0.3",
      "resolved": "https://chariot.jfrog.io/chariot/api/npm/colonial-npm/detect-libc/-/detect-libc-1.0.3.tgz",
      "integrity": "sha1-+hN8S9aY7fVc1c0CrFWfkaTEups=",
      "optional": true
    },
    "ecc-jsbn": {
      "version": "0.1.1",
      "resolved": "https://chariot.jfrog.io/chariot/api/npm/colonial-npm/ecc-jsbn/-/ecc-jsbn-0.1.1.tgz",
      "integrity": "sha1-D8c6ntXw1Tw4GTOYUj735UN3dQU=",
      "optional": true,
      "requires": {
        "jsbn": "0.1.1"
      }
    },
    "escape-string-regexp": {
      "version": "1.0.5",
      "resolved": "https://chariot.jfrog.io/chariot/api/npm/colonial-npm/escape-string-regexp/-/escape-string-regexp-1.0.5.tgz",
      "integrity": "sha1-G2HAViGQqN/2rjuyzwIAyhMLhtQ="
    },
    "extend": {
      "version": "3.0.1",
      "resolved": "https://chariot.jfrog.io/chariot/api/npm/colonial-npm/extend/-/extend-3.0.1.tgz",
      "integrity": "sha1-p1Xqe8Gt/MWjHOfnYtuq3F5jZEQ=",
      "optional": true
    },
    "external-editor": {
      "version": "2.1.0",
      "resolved": "https://chariot.jfrog.io/chariot/api/npm/colonial-npm/external-editor/-/external-editor-2.1.0.tgz",
      "integrity": "sha1-PQJqIbf5W1cmOH1CAKwWDTcsO0g=",
      "requires": {
        "chardet": "0.4.2",
        "iconv-lite": "0.4.19",
        "tmp": "0.0.33"
      }
    },
    "extsprintf": {
      "version": "1.3.0",
      "resolved": "https://chariot.jfrog.io/chariot/api/npm/colonial-npm/extsprintf/-/extsprintf-1.3.0.tgz",
      "integrity": "sha1-lpGEQOMEGnpBT4xS48V06zw+HgU="
    },
    "figures": {
      "version": "2.0.0",
      "resolved": "https://chariot.jfrog.io/chariot/api/npm/colonial-npm/figures/-/figures-2.0.0.tgz",
      "integrity": "sha1-OrGi0qYsi/tDGgyUy3l6L84nyWI=",
      "requires": {
        "escape-string-regexp": "1.0.5"
      }
    },
    "forever-agent": {
      "version": "0.6.1",
      "resolved": "https://chariot.jfrog.io/chariot/api/npm/colonial-npm/forever-agent/-/forever-agent-0.6.1.tgz",
      "integrity": "sha1-+8cfDEGt6zf5bFd60e1C2P2sypE=",
      "optional": true
    },
    "form-data": {
      "version": "2.1.4",
      "resolved": "https://chariot.jfrog.io/chariot/api/npm/colonial-npm/form-data/-/form-data-2.1.4.tgz",
      "integrity": "sha1-M8GDrPGTJ27KqYFDpp6Uv+4XUNE=",
      "optional": true,
      "requires": {
        "asynckit": "0.4.0",
        "combined-stream": "1.0.6",
        "mime-types": "2.1.18"
      }
    },
    "fs.realpath": {
      "version": "1.0.0",
      "resolved": "https://chariot.jfrog.io/chariot/api/npm/colonial-npm/fs.realpath/-/fs.realpath-1.0.0.tgz",
      "integrity": "sha1-FQStJSMVjKpA20onh8sBQRmU6k8="
    },
    "fstream": {
      "version": "1.0.11",
      "resolved": "https://chariot.jfrog.io/chariot/api/npm/colonial-npm/fstream/-/fstream-1.0.11.tgz",
      "integrity": "sha1-XB+x8RdHcRTwYyoOtLcbPLD9MXE=",
      "requires": {
        "graceful-fs": "4.1.11",
        "inherits": "2.0.3",
        "mkdirp": "0.5.1",
        "rimraf": "2.6.2"
      }
    },
    "fstream-ignore": {
      "version": "1.0.5",
      "resolved": "https://chariot.jfrog.io/chariot/api/npm/colonial-npm/fstream-ignore/-/fstream-ignore-1.0.5.tgz",
      "integrity": "sha1-nDHa40dnAY/h0kmyTa2mfQktoQU=",
      "optional": true,
      "requires": {
        "fstream": "1.0.11",
        "inherits": "2.0.3",
        "minimatch": "3.0.4"
      }
    },
    "gauge": {
      "version": "2.7.4",
      "resolved": "https://chariot.jfrog.io/chariot/api/npm/colonial-npm/gauge/-/gauge-2.7.4.tgz",
      "integrity": "sha1-LANAXHU4w51+s3sxcCLjJfsBi/c=",
      "optional": true,
      "requires": {
        "aproba": "1.2.0",
        "console-control-strings": "1.1.0",
        "has-unicode": "2.0.1",
        "object-assign": "4.1.1",
        "signal-exit": "3.0.2",
        "string-width": "1.0.2",
        "strip-ansi": "3.0.1",
        "wide-align": "1.1.2"
      }
    },
    "getpass": {
      "version": "0.1.7",
      "resolved": "https://chariot.jfrog.io/chariot/api/npm/colonial-npm/getpass/-/getpass-0.1.7.tgz",
      "integrity": "sha1-Xv+OPmhNVprkyysSgmBOi6YhSfo=",
      "optional": true,
      "requires": {
        "assert-plus": "1.0.0"
      },
      "dependencies": {
        "assert-plus": {
          "version": "1.0.0",
          "resolved": "https://chariot.jfrog.io/chariot/api/npm/colonial-npm/assert-plus/-/assert-plus-1.0.0.tgz",
          "integrity": "sha1-8S4PPF13sLHN2RRpQuTpbB5N1SU=",
          "optional": true
        }
      }
    },
    "glob": {
      "version": "7.1.2",
      "resolved": "https://chariot.jfrog.io/chariot/api/npm/colonial-npm/glob/-/glob-7.1.2.tgz",
      "integrity": "sha1-wZyd+aAocC1nhhI4SmVSQExjbRU=",
      "requires": {
        "fs.realpath": "1.0.0",
        "inflight": "1.0.6",
        "inherits": "2.0.3",
        "minimatch": "3.0.4",
        "once": "1.4.0",
        "path-is-absolute": "1.0.1"
      }
    },
    "graceful-fs": {
      "version": "4.1.11",
      "resolved": "https://chariot.jfrog.io/chariot/api/npm/colonial-npm/graceful-fs/-/graceful-fs-4.1.11.tgz",
      "integrity": "sha1-Dovf5NHduIVNZOBOp8AOKgJuVlg="
    },
    "har-schema": {
      "version": "1.0.5",
      "resolved": "https://chariot.jfrog.io/chariot/api/npm/colonial-npm/har-schema/-/har-schema-1.0.5.tgz",
      "integrity": "sha1-0mMTX0MwfALGAq/I/pWXDAFRNp4=",
      "optional": true
    },
    "har-validator": {
      "version": "4.2.1",
      "resolved": "https://chariot.jfrog.io/chariot/api/npm/colonial-npm/har-validator/-/har-validator-4.2.1.tgz",
      "integrity": "sha1-M0gdDxu/9gDdID11gSpqX7oALio=",
      "optional": true,
      "requires": {
        "ajv": "4.11.8",
        "har-schema": "1.0.5"
      }
    },
    "has-flag": {
      "version": "3.0.0",
      "resolved": "https://chariot.jfrog.io/chariot/api/npm/colonial-npm/has-flag/-/has-flag-3.0.0.tgz",
      "integrity": "sha1-tdRU3CGZriJWmfNGfloH87lVuv0="
    },
    "has-unicode": {
      "version": "2.0.1",
      "resolved": "https://chariot.jfrog.io/chariot/api/npm/colonial-npm/has-unicode/-/has-unicode-2.0.1.tgz",
      "integrity": "sha1-4Ob+aijPUROIVeCG0Wkedx3iqLk=",
      "optional": true
    },
    "hawk": {
      "version": "3.1.3",
      "resolved": "https://chariot.jfrog.io/chariot/api/npm/colonial-npm/hawk/-/hawk-3.1.3.tgz",
      "integrity": "sha1-B4REvXwWQLD+VA0sm3PVlnjo4cQ=",
      "requires": {
        "boom": "2.10.1",
        "cryptiles": "2.0.5",
        "hoek": "2.16.3",
        "sntp": "1.0.9"
      }
    },
    "hoek": {
      "version": "2.16.3",
      "resolved": "https://chariot.jfrog.io/chariot/api/npm/colonial-npm/hoek/-/hoek-2.16.3.tgz",
      "integrity": "sha1-ILt0A9POo5jpHcRxCo/xuCdKJe0="
    },
    "http-signature": {
      "version": "1.1.1",
      "resolved": "https://chariot.jfrog.io/chariot/api/npm/colonial-npm/http-signature/-/http-signature-1.1.1.tgz",
      "integrity": "sha1-33LiZwZs0Kxn+3at+OE0qPvPkb8=",
      "optional": true,
      "requires": {
        "assert-plus": "0.2.0",
        "jsprim": "1.4.1",
        "sshpk": "1.14.1"
      }
    },
    "iconv-lite": {
      "version": "0.4.19",
      "resolved": "https://chariot.jfrog.io/chariot/api/npm/colonial-npm/iconv-lite/-/iconv-lite-0.4.19.tgz",
      "integrity": "sha1-90aPYBNfXl2tM5nAqBvpoWA6CCs="
    },
    "inflight": {
      "version": "1.0.6",
      "resolved": "https://chariot.jfrog.io/chariot/api/npm/colonial-npm/inflight/-/inflight-1.0.6.tgz",
      "integrity": "sha1-Sb1jMdfQLQwJvJEKEHW6gWW1bfk=",
      "requires": {
        "once": "1.4.0",
        "wrappy": "1.0.2"
      }
    },
    "inherits": {
      "version": "2.0.3",
      "resolved": "https://chariot.jfrog.io/chariot/api/npm/colonial-npm/inherits/-/inherits-2.0.3.tgz",
      "integrity": "sha1-Yzwsg+PaQqUC9SRmAiSA9CCCYd4="
    },
    "ini": {
      "version": "1.3.5",
      "resolved": "https://chariot.jfrog.io/chariot/api/npm/colonial-npm/ini/-/ini-1.3.5.tgz",
      "integrity": "sha1-7uJfVtscnsYIXgwid4CD9Zar+Sc=",
      "optional": true
    },
    "inquirer": {
      "version": "5.1.0",
      "resolved": "https://chariot.jfrog.io/chariot/api/npm/colonial-npm/inquirer/-/inquirer-5.1.0.tgz",
      "integrity": "sha1-GdpQiTGJIyiru91MR38e/GWr/Wc=",
      "requires": {
        "ansi-escapes": "3.0.0",
        "chalk": "2.3.2",
        "cli-cursor": "2.1.0",
        "cli-width": "2.2.0",
        "external-editor": "2.1.0",
        "figures": "2.0.0",
        "lodash": "4.17.5",
        "mute-stream": "0.0.7",
        "run-async": "2.3.0",
        "rxjs": "5.5.7",
        "string-width": "2.1.1",
        "strip-ansi": "4.0.0",
        "through": "2.3.8"
      },
      "dependencies": {
        "ansi-regex": {
          "version": "3.0.0",
          "resolved": "https://chariot.jfrog.io/chariot/api/npm/colonial-npm/ansi-regex/-/ansi-regex-3.0.0.tgz",
          "integrity": "sha1-7QMXwyIGT3lGbAKWa922Bas32Zg="
        },
        "is-fullwidth-code-point": {
          "version": "2.0.0",
          "resolved": "https://chariot.jfrog.io/chariot/api/npm/colonial-npm/is-fullwidth-code-point/-/is-fullwidth-code-point-2.0.0.tgz",
          "integrity": "sha1-o7MKXE8ZkYMWeqq5O+764937ZU8="
        },
        "string-width": {
          "version": "2.1.1",
          "resolved": "https://chariot.jfrog.io/chariot/api/npm/colonial-npm/string-width/-/string-width-2.1.1.tgz",
          "integrity": "sha1-q5Pyeo3BPSjKyBXEYhQ6bZASrp4=",
          "requires": {
            "is-fullwidth-code-point": "2.0.0",
            "strip-ansi": "4.0.0"
          }
        },
        "strip-ansi": {
          "version": "4.0.0",
          "resolved": "https://chariot.jfrog.io/chariot/api/npm/colonial-npm/strip-ansi/-/strip-ansi-4.0.0.tgz",
          "integrity": "sha1-qEeQIusaw2iocTibY1JixQXuNo8=",
          "requires": {
            "ansi-regex": "3.0.0"
          }
        }
      }
    },
    "is-fullwidth-code-point": {
      "version": "1.0.0",
      "resolved": "https://chariot.jfrog.io/chariot/api/npm/colonial-npm/is-fullwidth-code-point/-/is-fullwidth-code-point-1.0.0.tgz",
      "integrity": "sha1-754xOG8DGn8NZDr4L95QxFfvAMs=",
      "requires": {
        "number-is-nan": "1.0.1"
      }
    },
    "is-promise": {
      "version": "2.1.0",
      "resolved": "https://chariot.jfrog.io/chariot/api/npm/colonial-npm/is-promise/-/is-promise-2.1.0.tgz",
      "integrity": "sha1-eaKp7OfwlugPNtKy87wWwf9L8/o="
    },
    "is-typedarray": {
      "version": "1.0.0",
      "resolved": "https://chariot.jfrog.io/chariot/api/npm/colonial-npm/is-typedarray/-/is-typedarray-1.0.0.tgz",
      "integrity": "sha1-5HnICFjfDBsR3dppQPlgEfzaSpo=",
      "optional": true
    },
    "isarray": {
      "version": "1.0.0",
      "resolved": "https://chariot.jfrog.io/chariot/api/npm/colonial-npm/isarray/-/isarray-1.0.0.tgz",
      "integrity": "sha1-u5NdSFgsuhaMBoNJV6VKPgcSTxE="
    },
    "isstream": {
      "version": "0.1.2",
      "resolved": "https://chariot.jfrog.io/chariot/api/npm/colonial-npm/isstream/-/isstream-0.1.2.tgz",
      "integrity": "sha1-R+Y/evVa+m+S4VAOaQ64uFKcCZo=",
      "optional": true
    },
    "jsbn": {
      "version": "0.1.1",
      "resolved": "https://chariot.jfrog.io/chariot/api/npm/colonial-npm/jsbn/-/jsbn-0.1.1.tgz",
      "integrity": "sha1-peZUwuWi3rXyAdls77yoDA7y9RM=",
      "optional": true
    },
    "json-schema": {
      "version": "0.2.3",
      "resolved": "https://chariot.jfrog.io/chariot/api/npm/colonial-npm/json-schema/-/json-schema-0.2.3.tgz",
      "integrity": "sha1-tIDIkuWaLwWVTOcnvT8qTogvnhM=",
      "optional": true
    },
    "json-stable-stringify": {
      "version": "1.0.1",
      "resolved": "https://chariot.jfrog.io/chariot/api/npm/colonial-npm/json-stable-stringify/-/json-stable-stringify-1.0.1.tgz",
      "integrity": "sha1-mnWdOcXy/1A/1TAGRu1EX4jE+a8=",
      "optional": true,
      "requires": {
        "jsonify": "0.0.0"
      }
    },
    "json-stringify-safe": {
      "version": "5.0.1",
      "resolved": "https://chariot.jfrog.io/chariot/api/npm/colonial-npm/json-stringify-safe/-/json-stringify-safe-5.0.1.tgz",
      "integrity": "sha1-Epai1Y/UXxmg9s4B1lcB4sc1tus=",
      "optional": true
    },
    "jsonify": {
      "version": "0.0.0",
      "resolved": "https://chariot.jfrog.io/chariot/api/npm/colonial-npm/jsonify/-/jsonify-0.0.0.tgz",
      "integrity": "sha1-LHS27kHZPKUbe1qu6PUDYx0lKnM=",
      "optional": true
    },
    "jsprim": {
      "version": "1.4.1",
      "resolved": "https://chariot.jfrog.io/chariot/api/npm/colonial-npm/jsprim/-/jsprim-1.4.1.tgz",
      "integrity": "sha1-MT5mvB5cwG5Di8G3SZwuXFastqI=",
      "optional": true,
      "requires": {
        "assert-plus": "1.0.0",
        "extsprintf": "1.3.0",
        "json-schema": "0.2.3",
        "verror": "1.10.0"
      },
      "dependencies": {
        "assert-plus": {
          "version": "1.0.0",
          "resolved": "https://chariot.jfrog.io/chariot/api/npm/colonial-npm/assert-plus/-/assert-plus-1.0.0.tgz",
          "integrity": "sha1-8S4PPF13sLHN2RRpQuTpbB5N1SU=",
          "optional": true
        }
      }
    },
    "lodash": {
      "version": "4.17.5",
      "resolved": "https://chariot.jfrog.io/chariot/api/npm/colonial-npm/lodash/-/lodash-4.17.5.tgz",
      "integrity": "sha1-maktZcAnLevoyWtgV7yPv6O+1RE="
    },
    "mime-db": {
      "version": "1.33.0",
      "resolved": "https://chariot.jfrog.io/chariot/api/npm/colonial-npm/mime-db/-/mime-db-1.33.0.tgz",
      "integrity": "sha1-o0kgUKXLm2NFBUHjnZeI0icng9s="
    },
    "mime-types": {
      "version": "2.1.18",
      "resolved": "https://chariot.jfrog.io/chariot/api/npm/colonial-npm/mime-types/-/mime-types-2.1.18.tgz",
      "integrity": "sha1-bzI/YKg9ERRvgx/xH9ZuL+VQO7g=",
      "requires": {
        "mime-db": "1.33.0"
      }
    },
    "mimic-fn": {
      "version": "1.2.0",
      "resolved": "https://chariot.jfrog.io/chariot/api/npm/colonial-npm/mimic-fn/-/mimic-fn-1.2.0.tgz",
      "integrity": "sha1-ggyGo5M0ZA6ZUWkovQP8qIBX0CI="
    },
    "minimatch": {
      "version": "3.0.4",
      "resolved": "https://chariot.jfrog.io/chariot/api/npm/colonial-npm/minimatch/-/minimatch-3.0.4.tgz",
      "integrity": "sha1-UWbihkV/AzBgZL5Ul+jbsMPTIIM=",
      "requires": {
        "brace-expansion": "1.1.11"
      }
    },
    "minimist": {
      "version": "0.0.8",
      "resolved": "https://chariot.jfrog.io/chariot/api/npm/colonial-npm/minimist/-/minimist-0.0.8.tgz",
      "integrity": "sha1-hX/Kv8M5fSYluCKCYuhqp6ARsF0="
    },
    "mkdirp": {
      "version": "0.5.1",
      "resolved": "https://chariot.jfrog.io/chariot/api/npm/colonial-npm/mkdirp/-/mkdirp-0.5.1.tgz",
      "integrity": "sha1-MAV0OOrGz3+MR2fzhkjWaX11yQM=",
      "requires": {
        "minimist": "0.0.8"
      }
    },
    "ms": {
      "version": "2.0.0",
      "resolved": "https://chariot.jfrog.io/chariot/api/npm/colonial-npm/ms/-/ms-2.0.0.tgz",
      "integrity": "sha1-VgiurfwAvmwpAd9fmGF4jeDVl8g="
    },
    "mute-stream": {
      "version": "0.0.7",
      "resolved": "https://chariot.jfrog.io/chariot/api/npm/colonial-npm/mute-stream/-/mute-stream-0.0.7.tgz",
      "integrity": "sha1-MHXOk7whuPq0PhvE2n6BFe0ee6s="
    },
    "nan": {
      "version": "2.10.0",
      "resolved": "https://chariot.jfrog.io/chariot/api/npm/colonial-npm/nan/-/nan-2.10.0.tgz",
      "integrity": "sha1-ltDNYQ69WNS03pzAxoKM2pnHVI8=",
      "optional": true
    },
    "node-pre-gyp": {
      "version": "0.6.39",
      "resolved": "https://chariot.jfrog.io/chariot/api/npm/colonial-npm/node-pre-gyp/-/node-pre-gyp-0.6.39.tgz",
      "integrity": "sha1-wA6WhgsjwOFCCse+/FBE4deNhkk=",
      "optional": true,
      "requires": {
        "detect-libc": "1.0.3",
        "hawk": "3.1.3",
        "mkdirp": "0.5.1",
        "nopt": "4.0.1",
        "npmlog": "4.1.2",
        "rc": "1.2.6",
        "request": "2.81.0",
        "rimraf": "2.6.2",
        "semver": "5.5.0",
        "tar": "2.2.1",
        "tar-pack": "3.4.1"
      }
    },
    "nopt": {
      "version": "4.0.1",
      "resolved": "https://chariot.jfrog.io/chariot/api/npm/colonial-npm/nopt/-/nopt-4.0.1.tgz",
      "integrity": "sha1-0NRoWv1UFRk8jHUFYC0NF81kR00=",
      "optional": true,
      "requires": {
        "abbrev": "1.1.1",
        "osenv": "0.1.5"
      }
    },
    "npmlog": {
      "version": "4.1.2",
      "resolved": "https://chariot.jfrog.io/chariot/api/npm/colonial-npm/npmlog/-/npmlog-4.1.2.tgz",
      "integrity": "sha1-CKfyqL9zRgR3mp76StXMcXq7lUs=",
      "optional": true,
      "requires": {
        "are-we-there-yet": "1.1.4",
        "console-control-strings": "1.1.0",
        "gauge": "2.7.4",
        "set-blocking": "2.0.0"
      }
    },
    "number-is-nan": {
      "version": "1.0.1",
      "resolved": "https://chariot.jfrog.io/chariot/api/npm/colonial-npm/number-is-nan/-/number-is-nan-1.0.1.tgz",
      "integrity": "sha1-CXtgK1NCKlIsGvuHkDGDNpQaAR0="
    },
    "oauth-sign": {
      "version": "0.8.2",
      "resolved": "https://chariot.jfrog.io/chariot/api/npm/colonial-npm/oauth-sign/-/oauth-sign-0.8.2.tgz",
      "integrity": "sha1-Rqarfwrq2N6unsBWV4C31O/rnUM=",
      "optional": true
    },
    "object-assign": {
      "version": "4.1.1",
      "resolved": "https://chariot.jfrog.io/chariot/api/npm/colonial-npm/object-assign/-/object-assign-4.1.1.tgz",
      "integrity": "sha1-IQmtx5ZYh8/AXLvUQsrIv7s2CGM=",
      "optional": true
    },
    "once": {
      "version": "1.4.0",
      "resolved": "https://chariot.jfrog.io/chariot/api/npm/colonial-npm/once/-/once-1.4.0.tgz",
      "integrity": "sha1-WDsap3WWHUsROsF9nFC6753Xa9E=",
      "requires": {
        "wrappy": "1.0.2"
      }
    },
    "onetime": {
      "version": "2.0.1",
      "resolved": "https://chariot.jfrog.io/chariot/api/npm/colonial-npm/onetime/-/onetime-2.0.1.tgz",
      "integrity": "sha1-BnQoIw/WdEOyeUsiu6UotoZ5YtQ=",
      "requires": {
        "mimic-fn": "1.2.0"
      }
    },
    "os-homedir": {
      "version": "1.0.2",
      "resolved": "https://chariot.jfrog.io/chariot/api/npm/colonial-npm/os-homedir/-/os-homedir-1.0.2.tgz",
      "integrity": "sha1-/7xJiDNuDoM94MFox+8VISGqf7M=",
      "optional": true
    },
    "os-tmpdir": {
      "version": "1.0.2",
      "resolved": "https://chariot.jfrog.io/chariot/api/npm/colonial-npm/os-tmpdir/-/os-tmpdir-1.0.2.tgz",
      "integrity": "sha1-u+Z0BseaqFxc/sdm/lc0VV36EnQ="
    },
    "osenv": {
      "version": "0.1.5",
      "resolved": "https://chariot.jfrog.io/chariot/api/npm/colonial-npm/osenv/-/osenv-0.1.5.tgz",
      "integrity": "sha1-hc36+uso6Gd/QW4odZK18/SepBA=",
      "optional": true,
      "requires": {
        "os-homedir": "1.0.2",
        "os-tmpdir": "1.0.2"
      }
    },
    "path-is-absolute": {
      "version": "1.0.1",
      "resolved": "https://chariot.jfrog.io/chariot/api/npm/colonial-npm/path-is-absolute/-/path-is-absolute-1.0.1.tgz",
      "integrity": "sha1-F0uSaHNVNP+8es5r9TpanhtcX18="
    },
    "performance-now": {
      "version": "0.2.0",
      "resolved": "https://chariot.jfrog.io/chariot/api/npm/colonial-npm/performance-now/-/performance-now-0.2.0.tgz",
      "integrity": "sha1-M+8wxcd9TqIcWlOGnZG1bY8lVeU=",
      "optional": true
    },
    "process-nextick-args": {
      "version": "2.0.0",
      "resolved": "https://chariot.jfrog.io/chariot/api/npm/colonial-npm/process-nextick-args/-/process-nextick-args-2.0.0.tgz",
      "integrity": "sha1-o31zL0JxtKsa0HDTVQjoKQeI/6o="
    },
    "punycode": {
      "version": "1.4.1",
      "resolved": "https://chariot.jfrog.io/chariot/api/npm/colonial-npm/punycode/-/punycode-1.4.1.tgz",
      "integrity": "sha1-wNWmOycYgArY4esPpSachN1BhF4=",
      "optional": true
    },
    "qs": {
      "version": "6.4.0",
      "resolved": "https://chariot.jfrog.io/chariot/api/npm/colonial-npm/qs/-/qs-6.4.0.tgz",
      "integrity": "sha1-E+JtKK1rD/qpExLNO/cI7TUecjM=",
      "optional": true
    },
    "rc": {
      "version": "1.2.6",
      "resolved": "https://chariot.jfrog.io/chariot/api/npm/colonial-npm/rc/-/rc-1.2.6.tgz",
      "integrity": "sha1-6xiYnG1PTxYsOZ953dKfODVWgJI=",
      "optional": true,
      "requires": {
        "deep-extend": "0.4.2",
        "ini": "1.3.5",
        "minimist": "1.2.0",
        "strip-json-comments": "2.0.1"
      },
      "dependencies": {
        "minimist": {
          "version": "1.2.0",
          "resolved": "https://chariot.jfrog.io/chariot/api/npm/colonial-npm/minimist/-/minimist-1.2.0.tgz",
          "integrity": "sha1-o1AIsg9BOD7sH7kU9M1d95omQoQ=",
          "optional": true
        }
      }
    },
    "readable-stream": {
      "version": "2.3.5",
      "resolved": "https://chariot.jfrog.io/chariot/api/npm/colonial-npm/readable-stream/-/readable-stream-2.3.5.tgz",
      "integrity": "sha1-tPhQA6k4y7bsvOKhJPsQEr0ag40=",
      "requires": {
        "core-util-is": "1.0.2",
        "inherits": "2.0.3",
        "isarray": "1.0.0",
        "process-nextick-args": "2.0.0",
        "safe-buffer": "5.1.1",
        "string_decoder": "1.0.3",
        "util-deprecate": "1.0.2"
      }
    },
    "request": {
      "version": "2.81.0",
      "resolved": "https://chariot.jfrog.io/chariot/api/npm/colonial-npm/request/-/request-2.81.0.tgz",
      "integrity": "sha1-xpKJRqDgbF+Nb4qTM0af/aRimKA=",
      "optional": true,
      "requires": {
        "aws-sign2": "0.6.0",
        "aws4": "1.6.0",
        "caseless": "0.12.0",
        "combined-stream": "1.0.6",
        "extend": "3.0.1",
        "forever-agent": "0.6.1",
        "form-data": "2.1.4",
        "har-validator": "4.2.1",
        "hawk": "3.1.3",
        "http-signature": "1.1.1",
        "is-typedarray": "1.0.0",
        "isstream": "0.1.2",
        "json-stringify-safe": "5.0.1",
        "mime-types": "2.1.18",
        "oauth-sign": "0.8.2",
        "performance-now": "0.2.0",
        "qs": "6.4.0",
        "safe-buffer": "5.1.1",
        "stringstream": "0.0.5",
        "tough-cookie": "2.3.4",
        "tunnel-agent": "0.6.0",
        "uuid": "3.2.1"
      }
    },
    "restore-cursor": {
      "version": "2.0.0",
      "resolved": "https://chariot.jfrog.io/chariot/api/npm/colonial-npm/restore-cursor/-/restore-cursor-2.0.0.tgz",
      "integrity": "sha1-n37ih/gv0ybU/RYpI9YhKe7g368=",
      "requires": {
        "onetime": "2.0.1",
        "signal-exit": "3.0.2"
      }
    },
    "rimraf": {
      "version": "2.6.2",
      "resolved": "https://chariot.jfrog.io/chariot/api/npm/colonial-npm/rimraf/-/rimraf-2.6.2.tgz",
      "integrity": "sha1-LtgVDSShbqhlHm1u8PR8QVjOejY=",
      "requires": {
        "glob": "7.1.2"
      }
    },
    "run-async": {
      "version": "2.3.0",
      "resolved": "https://chariot.jfrog.io/chariot/api/npm/colonial-npm/run-async/-/run-async-2.3.0.tgz",
      "integrity": "sha1-A3GrSuC91yDUFm19/aZP96RFpsA=",
      "requires": {
        "is-promise": "2.1.0"
      }
    },
    "rxjs": {
      "version": "5.5.7",
      "resolved": "https://chariot.jfrog.io/chariot/api/npm/colonial-npm/rxjs/-/rxjs-5.5.7.tgz",
      "integrity": "sha1-r7PRZCsGmy+/IDkD1lAdGstM2ic=",
      "requires": {
        "symbol-observable": "1.0.1"
      }
    },
    "safe-buffer": {
      "version": "5.1.1",
      "resolved": "https://chariot.jfrog.io/chariot/api/npm/colonial-npm/safe-buffer/-/safe-buffer-5.1.1.tgz",
      "integrity": "sha1-iTMSr2myEj3vcfV4iQAWce6yyFM="
    },
    "semver": {
      "version": "5.5.0",
      "resolved": "https://chariot.jfrog.io/chariot/api/npm/colonial-npm/semver/-/semver-5.5.0.tgz",
      "integrity": "sha1-3Eu8emyp2Rbe5dQ1FvAJK1j3uKs=",
      "optional": true
    },
    "set-blocking": {
      "version": "2.0.0",
      "resolved": "https://chariot.jfrog.io/chariot/api/npm/colonial-npm/set-blocking/-/set-blocking-2.0.0.tgz",
      "integrity": "sha1-BF+XgtARrppoA93TgrJDkrPYkPc=",
      "optional": true
    },
    "signal-exit": {
      "version": "3.0.2",
      "resolved": "https://chariot.jfrog.io/chariot/api/npm/colonial-npm/signal-exit/-/signal-exit-3.0.2.tgz",
      "integrity": "sha1-tf3AjxKH6hF4Yo5BXiUTK3NkbG0="
    },
    "sntp": {
      "version": "1.0.9",
      "resolved": "https://chariot.jfrog.io/chariot/api/npm/colonial-npm/sntp/-/sntp-1.0.9.tgz",
      "integrity": "sha1-ZUEYTMkK7qbG57NeJlkIJEPGYZg=",
      "requires": {
        "hoek": "2.16.3"
      }
    },
    "sshpk": {
      "version": "1.14.1",
      "resolved": "https://chariot.jfrog.io/chariot/api/npm/colonial-npm/sshpk/-/sshpk-1.14.1.tgz",
      "integrity": "sha1-Ew9Zde3a2WPx1W+SuaxsUfqfg+s=",
      "optional": true,
      "requires": {
        "asn1": "0.2.3",
        "assert-plus": "1.0.0",
        "bcrypt-pbkdf": "1.0.1",
        "dashdash": "1.14.1",
        "ecc-jsbn": "0.1.1",
        "getpass": "0.1.7",
        "jsbn": "0.1.1",
        "tweetnacl": "0.14.5"
      },
      "dependencies": {
        "assert-plus": {
          "version": "1.0.0",
          "resolved": "https://chariot.jfrog.io/chariot/api/npm/colonial-npm/assert-plus/-/assert-plus-1.0.0.tgz",
          "integrity": "sha1-8S4PPF13sLHN2RRpQuTpbB5N1SU=",
          "optional": true
        }
      }
    },
    "string-width": {
      "version": "1.0.2",
      "resolved": "https://chariot.jfrog.io/chariot/api/npm/colonial-npm/string-width/-/string-width-1.0.2.tgz",
      "integrity": "sha1-EYvfW4zcUaKn5w0hHgfisLmxB9M=",
      "requires": {
        "code-point-at": "1.1.0",
        "is-fullwidth-code-point": "1.0.0",
        "strip-ansi": "3.0.1"
      }
    },
    "string_decoder": {
      "version": "1.0.3",
      "resolved": "https://chariot.jfrog.io/chariot/api/npm/colonial-npm/string_decoder/-/string_decoder-1.0.3.tgz",
      "integrity": "sha1-D8Z9fBQYJd6UKC3VNr7GubzoYKs=",
      "requires": {
        "safe-buffer": "5.1.1"
      }
    },
    "stringstream": {
      "version": "0.0.5",
      "resolved": "https://chariot.jfrog.io/chariot/api/npm/colonial-npm/stringstream/-/stringstream-0.0.5.tgz",
      "integrity": "sha1-TkhM1N5aC7vuGORjB3EKioFiGHg=",
      "optional": true
    },
    "strip-ansi": {
      "version": "3.0.1",
      "resolved": "https://chariot.jfrog.io/chariot/api/npm/colonial-npm/strip-ansi/-/strip-ansi-3.0.1.tgz",
      "integrity": "sha1-ajhfuIU9lS1f8F0Oiq+UJ43GPc8=",
      "requires": {
        "ansi-regex": "2.1.1"
      }
    },
    "strip-json-comments": {
      "version": "2.0.1",
      "resolved": "https://chariot.jfrog.io/chariot/api/npm/colonial-npm/strip-json-comments/-/strip-json-comments-2.0.1.tgz",
      "integrity": "sha1-PFMZQukIwml8DsNEhYwobHygpgo=",
      "optional": true
    },
    "supports-color": {
      "version": "5.3.0",
      "resolved": "https://chariot.jfrog.io/chariot/api/npm/colonial-npm/supports-color/-/supports-color-5.3.0.tgz",
      "integrity": "sha1-WySsFduA+pJ89SJ6SjP9PEx2dsA=",
      "requires": {
        "has-flag": "3.0.0"
      }
    },
    "symbol-observable": {
      "version": "1.0.1",
      "resolved": "https://chariot.jfrog.io/chariot/api/npm/colonial-npm/symbol-observable/-/symbol-observable-1.0.1.tgz",
      "integrity": "sha1-g0D8RwLDEi310iKI+IKD9RPT/dQ="
    },
    "tar": {
      "version": "2.2.1",
      "resolved": "https://chariot.jfrog.io/chariot/api/npm/colonial-npm/tar/-/tar-2.2.1.tgz",
      "integrity": "sha1-jk0qJWwOIYXGsYrWlK7JaLg8sdE=",
      "requires": {
        "block-stream": "0.0.9",
        "fstream": "1.0.11",
        "inherits": "2.0.3"
      }
    },
    "tar-pack": {
      "version": "3.4.1",
      "resolved": "https://chariot.jfrog.io/chariot/api/npm/colonial-npm/tar-pack/-/tar-pack-3.4.1.tgz",
      "integrity": "sha1-4dvAOpudO6B+iWrQJzF+tnmhCh8=",
      "optional": true,
      "requires": {
        "debug": "2.6.9",
        "fstream": "1.0.11",
        "fstream-ignore": "1.0.5",
        "once": "1.4.0",
        "readable-stream": "2.3.5",
        "rimraf": "2.6.2",
        "tar": "2.2.1",
        "uid-number": "0.0.6"
      }
    },
    "through": {
      "version": "2.3.8",
      "resolved": "https://chariot.jfrog.io/chariot/api/npm/colonial-npm/through/-/through-2.3.8.tgz",
      "integrity": "sha1-DdTJ/6q8NXlgsbckEV1+Doai4fU="
    },
    "tmp": {
      "version": "0.0.33",
      "resolved": "https://chariot.jfrog.io/chariot/api/npm/colonial-npm/tmp/-/tmp-0.0.33.tgz",
      "integrity": "sha1-bTQzWIl2jSGyvNoKonfO07G/rfk=",
      "requires": {
        "os-tmpdir": "1.0.2"
      }
    },
    "tough-cookie": {
      "version": "2.3.4",
      "resolved": "https://chariot.jfrog.io/chariot/api/npm/colonial-npm/tough-cookie/-/tough-cookie-2.3.4.tgz",
      "integrity": "sha1-7GDO44rGdQY//JelwYlwV47oNlU=",
      "optional": true,
      "requires": {
        "punycode": "1.4.1"
      }
    },
    "tunnel-agent": {
      "version": "0.6.0",
      "resolved": "https://chariot.jfrog.io/chariot/api/npm/colonial-npm/tunnel-agent/-/tunnel-agent-0.6.0.tgz",
      "integrity": "sha1-J6XeoGs2sEoKmWZ3SykIaPD8QP0=",
      "optional": true,
      "requires": {
        "safe-buffer": "5.1.1"
      }
    },
    "tweetnacl": {
      "version": "0.14.5",
      "resolved": "https://chariot.jfrog.io/chariot/api/npm/colonial-npm/tweetnacl/-/tweetnacl-0.14.5.tgz",
      "integrity": "sha1-WuaBd/GS1EViadEIr6k/+HQ/T2Q=",
      "optional": true
    },
    "uid-number": {
      "version": "0.0.6",
      "resolved": "https://chariot.jfrog.io/chariot/api/npm/colonial-npm/uid-number/-/uid-number-0.0.6.tgz",
      "integrity": "sha1-DqEOgDXo61uOREnwbaHHMGY7qoE=",
      "optional": true
    },
    "usb": {
      "version": "1.3.1",
      "resolved": "https://chariot.jfrog.io/chariot/api/npm/colonial-npm/usb/-/usb-1.3.1.tgz",
      "integrity": "sha1-tfjDYKU78o9cn7wS1kx/YeQ0arc=",
      "optional": true,
      "requires": {
        "nan": "2.10.0",
        "node-pre-gyp": "0.6.39"
      }
    },
    "util-deprecate": {
      "version": "1.0.2",
      "resolved": "https://chariot.jfrog.io/chariot/api/npm/colonial-npm/util-deprecate/-/util-deprecate-1.0.2.tgz",
      "integrity": "sha1-RQ1Nyfpw3nMnYvvS1KKJgUGaDM8="
    },
    "uuid": {
      "version": "3.2.1",
      "resolved": "https://chariot.jfrog.io/chariot/api/npm/colonial-npm/uuid/-/uuid-3.2.1.tgz",
      "integrity": "sha1-EsUou51Y0LkmXZovbw/ovhf/HxQ=",
      "optional": true
    },
    "verror": {
      "version": "1.10.0",
      "resolved": "https://chariot.jfrog.io/chariot/api/npm/colonial-npm/verror/-/verror-1.10.0.tgz",
      "integrity": "sha1-OhBcoXBTr1XW4nDB+CiGguGNpAA=",
      "optional": true,
      "requires": {
        "assert-plus": "1.0.0",
        "core-util-is": "1.0.2",
        "extsprintf": "1.3.0"
      },
      "dependencies": {
        "assert-plus": {
          "version": "1.0.0",
          "resolved": "https://chariot.jfrog.io/chariot/api/npm/colonial-npm/assert-plus/-/assert-plus-1.0.0.tgz",
          "integrity": "sha1-8S4PPF13sLHN2RRpQuTpbB5N1SU=",
          "optional": true
        }
      }
    },
    "wide-align": {
      "version": "1.1.2",
      "resolved": "https://chariot.jfrog.io/chariot/api/npm/colonial-npm/wide-align/-/wide-align-1.1.2.tgz",
      "integrity": "sha1-Vx4PGwYEY268DfwhsDObvjE0FxA=",
      "optional": true,
      "requires": {
        "string-width": "1.0.2"
      }
    },
    "wrappy": {
      "version": "1.0.2",
      "resolved": "https://chariot.jfrog.io/chariot/api/npm/colonial-npm/wrappy/-/wrappy-1.0.2.tgz",
      "integrity": "sha1-tSQ9jz7BqjXxNkYFvA0QNuMKtp8="
    },
    "xpc-connection": {
      "version": "0.1.4",
      "resolved": "https://chariot.jfrog.io/chariot/api/npm/colonial-npm/xpc-connection/-/xpc-connection-0.1.4.tgz",
      "integrity": "sha1-3Nf6oq7Gt6bhjMXdrQQvejTHcVY=",
      "optional": true,
      "requires": {
        "nan": "2.10.0"
      }
    }
  }
}
